webtyp.com/await v0.1.2 h1:0rZLLCvu+y/8CJU0YH2ZGi/OLygZwZTBJIrGi0+Z0Fg=
webtyp.com/await v0.1.2/go.mod h1:SiF0Y5G9XEnN5u6SISxLU4GW/8y9ENR1K3fQF1uHMCQ=
webtyp.com/context v0.0.23 h1:T+lH+UteRAPD6gLH8oxW0TBr5aZlJwgfIpmnA4DdFSY=
webtyp.com/context v0.0.23/go.mod h1:SXtpX0NmsG9zoL9B2uYVPy0ZfmXl0C1zyjQkYmuz38Q=
webtyp.com/embed v0.1.0 h1:6SqspiL/BWEpjF2uoVSqqLyq4sPUmehf0iLw262XtGU=
webtyp.com/embed v0.1.0/go.mod h1:S8znhv0mskdpNSUu+xGMJOfaZ9il4srCrY+cyLZnb4Y=
webtyp.com/fmt v1.0.0 h1:W0vMMGC6ezg1q2LarAEaVnNvZ26hVqzZdQQH1wcNogM=
webtyp.com/fmt v1.0.0/go.mod h1:FmTxx713R45J21kbH5JOmKGaaCap3fJPA9Yl2n4Ch7U=
webtyp.com/indexdb v0.4.14 h1:UjNSwKy1EI4f9dDU1McvSG4LTcSXR0fnBHnG4kWr8Z8=
webtyp.com/indexdb v0.4.14/go.mod h1:oRCL+iuz76ju1nmTgaj14wNoFEWD46iUjVN51FbwiQQ=
webtyp.com/jsvalue v0.1.4 h1:5tWksWqG8b+2Eb3eFRc+SDQeJyhRGa9JeL1lsVKiMWY=
webtyp.com/jsvalue v0.1.4/go.mod h1:EJoDZDzmk8LV58cTvufoUYQ6E7H9xMG+LRn0q69GFtQ=
webtyp.com/model v0.2.0 h1:fhnpWAxT2ss0bQ05uoVA+ZclEvHcRHwHn/pWH31dj0w=
webtyp.com/model v0.2.0/go.mod h1:OkyYeE3GOG8eAQGhd9wVsORAhr+xYj3q8avpoGXG25c=
webtyp.com/storage v0.1.0 h1:ikiUvWclQ+CvYr+CjRMaBeqtz0a3RvWJiTSfnaaeLgs=
webtyp.com/storage v0.1.0/go.mod h1:mh9CB3BbNXGvw+oNBJlUNOpBQ5dMZAS1gAFQamq7H2k=
webtyp.com/vector v0.1.0 h1:rQhbW8whwuPWm+yMN5wpeiMnP8UQF9QSBbRueOEgARI=
webtyp.com/vector v0.1.0/go.mod h1:IrRH9GrQ5Ym6DquOtuu+15W3nekNhaR8oRcdj+oDExQ=
